Microsoft Visual Studio Solution File, Format Version 12.00
# Visual Studio Version 17
VisualStudioVersion = 17.5.2.0
MinimumVisualStudioVersion = 10.0.40219.1
Project("{FAE04EC0-301F-11D3-BF4B-00C04F79EFBC}") = "Labs", "Labs.csproj", "{A649E1A6-8BA1-B4A0-CF28-0F9940379A85}"
EndProject
Global
	GlobalSection(SolutionConfigurationPlatforms) = preSolution
		Debug|Any CPU = Debug|Any CPU
		Release|Any CPU = Release|Any CPU
	EndGlobalSection
	GlobalSection(ProjectConfigurationPlatforms) = postSolution
		{A649E1A6-8BA1-B4A0-CF28-0F9940379A85}.Debug|Any CPU.ActiveCfg = Debug|Any CPU
		{A649E1A6-8BA1-B4A0-CF28-0F9940379A85}.Debug|Any CPU.Build.0 = Debug|Any CPU
		{A649E1A6-8BA1-B4A0-CF28-0F9940379A85}.Release|Any CPU.ActiveCfg = Release|Any CPU
		{A649E1A6-8BA1-B4A0-CF28-0F9940379A85}.Release|Any CPU.Build.0 = Release|Any CPU
	EndGlobalSection
	GlobalSection(SolutionProperties) = preSolution
		HideSolutionNode = FALSE
	EndGlobalSection
	GlobalSection(ExtensibilityGlobals) = postSolution
		SolutionGuid = {2587909E-B0AA-40F0-820C-366BEFACA428}
	EndGlobalSection
EndGlobal
